
Microsoft Visual Studio Solution File, Format Version 12.00
# Visual Studio Version 17
VisualStudioVersion = 17.10.35027.167
MinimumVisualStudioVersion = 10.0.40219.1
Project("{FAE04EC0-301F-11D3-BF4B-00C04F79EFBC}") = "WebAPI-Express-Spotilike", "WebAPI-Express-Spotilike\WebAPI-Express-Spotilike.csproj", "{7FEBC279-9AFA-48EE-AB34-B296B1275F5A}"
EndProject
Global
	GlobalSection(SolutionConfigurationPlatforms) = preSolution
		Debug|Any CPU = Debug|Any CPU
		Release|Any CPU = Release|Any CPU
	EndGlobalSection
	GlobalSection(ProjectConfigurationPlatforms) = postSolution
		{7FEBC279-9AFA-48EE-AB34-B296B1275F5A}.Debug|Any CPU.ActiveCfg = Debug|Any CPU
		{7FEBC279-9AFA-48EE-AB34-B296B1275F5A}.Debug|Any CPU.Build.0 = Debug|Any CPU
		{7FEBC279-9AFA-48EE-AB34-B296B1275F5A}.Release|Any CPU.ActiveCfg = Release|Any CPU
		{7FEBC279-9AFA-48EE-AB34-B296B1275F5A}.Release|Any CPU.Build.0 = Release|Any CPU
	EndGlobalSection
	GlobalSection(SolutionProperties) = preSolution
		HideSolutionNode = FALSE
	EndGlobalSection
	GlobalSection(ExtensibilityGlobals) = postSolution
		SolutionGuid = {C8A2FFE5-1C4B-4710-83BE-A3DB8DE84767}
	EndGlobalSection
EndGlobal
